
Microsoft Visual Studio Solution File, Format Version 12.00
# Visual Studio 15
VisualStudioVersion = 15.0.28307.1082
MinimumVisualStudioVersion = 10.0.40219.1
Project("{8BC9CEB8-8B4A-11D0-8D11-00A0C91BC942}") = "Functions", "Functions\Functions.vcxproj", "{D6E37BC9-0AB1-462B-86B3-AFD2F22AEE5E}"
EndProject
Project("{8BC9CEB8-8B4A-11D0-8D11-00A0C91BC942}") = "Arrays", "Arrays\Arrays.vcxproj", "{52D9D566-DC8E-492F-9711-078FEA444547}"
EndProject
Project("{8BC9CEB8-8B4A-11D0-8D11-00A0C91BC942}") = "ArraysLibTest", "ArraysLibTest\ArraysLibTest.vcxproj", "{B9BC633A-2E1A-4B72-89DE-3872CBCAB196}"
EndProject
Global
	GlobalSection(SolutionConfigurationPlatforms) = preSolution
		Debug|x64 = Debug|x64
		Debug|x86 = Debug|x86
		Release|x64 = Release|x64
		Release|x86 = Release|x86
	EndGlobalSection
	GlobalSection(ProjectConfigurationPlatforms) = postSolution
		{D6E37BC9-0AB1-462B-86B3-AFD2F22AEE5E}.Debug|x64.ActiveCfg = Debug|x64
		{D6E37BC9-0AB1-462B-86B3-AFD2F22AEE5E}.Debug|x64.Build.0 = Debug|x64
		{D6E37BC9-0AB1-462B-86B3-AFD2F22AEE5E}.Debug|x86.ActiveCfg = Debug|Win32
		{D6E37BC9-0AB1-462B-86B3-AFD2F22AEE5E}.Debug|x86.Build.0 = Debug|Win32
		{D6E37BC9-0AB1-462B-86B3-AFD2F22AEE5E}.Release|x64.ActiveCfg = Release|x64
		{D6E37BC9-0AB1-462B-86B3-AFD2F22AEE5E}.Release|x64.Build.0 = Release|x64
		{D6E37BC9-0AB1-462B-86B3-AFD2F22AEE5E}.Release|x86.ActiveCfg = Release|Win32
		{D6E37BC9-0AB1-462B-86B3-AFD2F22AEE5E}.Release|x86.Build.0 = Release|Win32
		{52D9D566-DC8E-492F-9711-078FEA444547}.Debug|x64.ActiveCfg = Debug|x64
		{52D9D566-DC8E-492F-9711-078FEA444547}.Debug|x64.Build.0 = Debug|x64
		{52D9D566-DC8E-492F-9711-078FEA444547}.Debug|x86.ActiveCfg = Debug|Win32
		{52D9D566-DC8E-492F-9711-078FEA444547}.Debug|x86.Build.0 = Debug|Win32
		{52D9D566-DC8E-492F-9711-078FEA444547}.Release|x64.ActiveCfg = Release|x64
		{52D9D566-DC8E-492F-9711-078FEA444547}.Release|x64.Build.0 = Release|x64
		{52D9D566-DC8E-492F-9711-078FEA444547}.Release|x86.ActiveCfg = Release|Win32
		{52D9D566-DC8E-492F-9711-078FEA444547}.Release|x86.Build.0 = Release|Win32
		{B9BC633A-2E1A-4B72-89DE-3872CBCAB196}.Debug|x64.ActiveCfg = Debug|x64
		{B9BC633A-2E1A-4B72-89DE-3872CBCAB196}.Debug|x64.Build.0 = Debug|x64
		{B9BC633A-2E1A-4B72-89DE-3872CBCAB196}.Debug|x86.ActiveCfg = Debug|Win32
		{B9BC633A-2E1A-4B72-89DE-3872CBCAB196}.Debug|x86.Build.0 = Debug|Win32
		{B9BC633A-2E1A-4B72-89DE-3872CBCAB196}.Release|x64.ActiveCfg = Release|x64
		{B9BC633A-2E1A-4B72-89DE-3872CBCAB196}.Release|x64.Build.0 = Release|x64
		{B9BC633A-2E1A-4B72-89DE-3872CBCAB196}.Release|x86.ActiveCfg = Release|Win32
		{B9BC633A-2E1A-4B72-89DE-3872CBCAB196}.Release|x86.Build.0 = Release|Win32
	EndGlobalSection
	GlobalSection(SolutionProperties) = preSolution
		HideSolutionNode = FALSE
	EndGlobalSection
	GlobalSection(ExtensibilityGlobals) = postSolution
		SolutionGuid = {6FCB26E1-0BB8-483E-A0D6-978AA55D760B}
	EndGlobalSection
EndGlobal
