
Microsoft Visual Studio Solution File, Format Version 12.00
# Visual Studio 15
VisualStudioVersion = 15.0.28307.1082
MinimumVisualStudioVersion = 10.0.40219.1
Project("{8BC9CEB8-8B4A-11D0-8D11-00A0C91BC942}") = "Pointers", "Pointers\Pointers.vcxproj", "{26DF9729-46CA-442C-A1A5-175C4C921B22}"
EndProject
Project("{8BC9CEB8-8B4A-11D0-8D11-00A0C91BC942}") = "TransferParameters", "TransferParameters\TransferParameters.vcxproj", "{C5CABC32-84DC-49AA-8D54-C69D43267F5C}"
EndProject
Global
	GlobalSection(SolutionConfigurationPlatforms) = preSolution
		Debug|x64 = Debug|x64
		Debug|x86 = Debug|x86
		Release|x64 = Release|x64
		Release|x86 = Release|x86
	EndGlobalSection
	GlobalSection(ProjectConfigurationPlatforms) = postSolution
		{26DF9729-46CA-442C-A1A5-175C4C921B22}.Debug|x64.ActiveCfg = Debug|x64
		{26DF9729-46CA-442C-A1A5-175C4C921B22}.Debug|x64.Build.0 = Debug|x64
		{26DF9729-46CA-442C-A1A5-175C4C921B22}.Debug|x86.ActiveCfg = Debug|Win32
		{26DF9729-46CA-442C-A1A5-175C4C921B22}.Debug|x86.Build.0 = Debug|Win32
		{26DF9729-46CA-442C-A1A5-175C4C921B22}.Release|x64.ActiveCfg = Release|x64
		{26DF9729-46CA-442C-A1A5-175C4C921B22}.Release|x64.Build.0 = Release|x64
		{26DF9729-46CA-442C-A1A5-175C4C921B22}.Release|x86.ActiveCfg = Release|Win32
		{26DF9729-46CA-442C-A1A5-175C4C921B22}.Release|x86.Build.0 = Release|Win32
		{C5CABC32-84DC-49AA-8D54-C69D43267F5C}.Debug|x64.ActiveCfg = Debug|x64
		{C5CABC32-84DC-49AA-8D54-C69D43267F5C}.Debug|x64.Build.0 = Debug|x64
		{C5CABC32-84DC-49AA-8D54-C69D43267F5C}.Debug|x86.ActiveCfg = Debug|Win32
		{C5CABC32-84DC-49AA-8D54-C69D43267F5C}.Debug|x86.Build.0 = Debug|Win32
		{C5CABC32-84DC-49AA-8D54-C69D43267F5C}.Release|x64.ActiveCfg = Release|x64
		{C5CABC32-84DC-49AA-8D54-C69D43267F5C}.Release|x64.Build.0 = Release|x64
		{C5CABC32-84DC-49AA-8D54-C69D43267F5C}.Release|x86.ActiveCfg = Release|Win32
		{C5CABC32-84DC-49AA-8D54-C69D43267F5C}.Release|x86.Build.0 = Release|Win32
	EndGlobalSection
	GlobalSection(SolutionProperties) = preSolution
		HideSolutionNode = FALSE
	EndGlobalSection
	GlobalSection(ExtensibilityGlobals) = postSolution
		SolutionGuid = {CB333D5D-AD5A-4732-AC4D-2B665E7373AA}
	EndGlobalSection
EndGlobal
